<?xml version="1.0" encoding="utf-8"?>
<Project ToolsVersion="4.0" xmlns="http://schemas.microsoft.com/developer/msbuild/2003">
  <ItemGroup>
    <Filter Include="Source Files">
      <UniqueIdentifier>{be4ee96f-4b61-4283-bfd6-282675a96f9a}</UniqueIdentifier>
    </Filter>
    <Filter Include="Generated Files">
      <UniqueIdentifier>{61953cea-b455-4463-ab21-8dd183db07bc}</UniqueIdentifier>
      <SourceControlFiles>False</SourceControlFiles>
    </Filter>
  </ItemGroup>
  <ItemGroup>
    <None Include="ComAddDemops.def" />
  </ItemGroup>
  <ItemGroup>
    <ClCompile Include="ComAddDemo_i.c">
      <Filter>Generated Files</Filter>
    </ClCompile>
    <ClCompile Include="ComAddDemo_p.c">
      <Filter>Generated Files</Filter>
    </ClCompile>
    <ClCompile Include="dlldata.c">
      <Filter>Generated Files</Filter>
    </ClCompile>
  </ItemGroup>
</Project>